# This file is automatically @generated by Wally.
# It is not intended for manual editing.
registry = "test"

[[package]]
name = "griff/hauntedasylum"
version = "0.1.0"
dependencies = [["sawdust", "griffin-dalby/sawdust@1.4.4"]]

[[package]]
name = "griffin-dalby/sawdust"
version = "1.4.4"
dependencies = [["testez", "roblox/testez@0.4.1"]]

[[package]]
name = "roblox/testez"
version = "0.4.1"
dependencies = []
